{
  "name": "@generic-mmo/terraformer-service",
  "version": "0.0.1-next.7",
  "lockfileVersion": 1,
  "requires": true,
  "dependencies": {
    "@generic-mmo/cartographer-service": {
      "version": "0.0.1-next.5",
      "resolved": "https://registry.npmjs.org/@generic-mmo/cartographer-service/-/cartographer-service-0.0.1-next.5.tgz",
      "integrity": "sha512-SJ0mbp2IlSL9Fu5WknMtE/pAyS+UwD6dCPn8jBY4aRDKTJ/cW/ovHgcETbAHtQBEakwUhLYZEbKtT/XZ86DYOw=="
    }
  }
}
