{
  "name": "@generic-mmo/terraformer-service",
  "version": "0.0.1-next.10",
  "lockfileVersion": 1,
  "requires": true,
  "dependencies": {
    "@generic-mmo/cartographer-service": {
      "version": "0.0.1-next.6",
      "resolved": "https://registry.npmjs.org/@generic-mmo/cartographer-service/-/cartographer-service-0.0.1-next.6.tgz",
      "integrity": "sha512-rnm4XcySx/fkjFqhIdMXGXLeTZBe77jEPSuF3vbDZARqxa/Xv73/NZn48tE17J9/C3wsPK0GUoWzGb9kkOy0Sg=="
    }
  }
}
