{
  "name": "@generic-mmo/terraformer-service",
  "version": "0.0.1-next.5",
  "lockfileVersion": 1,
  "requires": true,
  "dependencies": {
    "@generic-mmo/cartographer-service": {
      "version": "0.0.1-next.2",
      "resolved": "https://registry.npmjs.org/@generic-mmo/cartographer-service/-/cartographer-service-0.0.1-next.2.tgz",
      "integrity": "sha512-fOEq5+dtS3vt1tNArp1OTs0bSPmtO3cEdcUIB/8LzL0OSdLaU5UH4PK+xoe2AJp3eDl8+rwUYzuqKghOee2t3Q=="
    }
  }
}
